
Microsoft Visual Studio Solution File, Format Version 12.00
# Visual Studio 15
VisualStudioVersion = 15.0.27130.2020
MinimumVisualStudioVersion = 10.0.40219.1
Project("{FAE04EC0-301F-11D3-BF4B-00C04F79EFBC}") = "FortuneTellerBridgeProject", "FortuneTellerBridgeProject\FortuneTellerBridgeProject.csproj", "{8646BC60-DA77-47AB-B841-EB226DD972A5}"
EndProject
Global
	GlobalSection(SolutionConfigurationPlatforms) = preSolution
		Debug|Any CPU = Debug|Any CPU
		Release|Any CPU = Release|Any CPU
	EndGlobalSection
	GlobalSection(ProjectConfigurationPlatforms) = postSolution
		{8646BC60-DA77-47AB-B841-EB226DD972A5}.Debug|Any CPU.ActiveCfg = Debug|Any CPU
		{8646BC60-DA77-47AB-B841-EB226DD972A5}.Debug|Any CPU.Build.0 = Debug|Any CPU
		{8646BC60-DA77-47AB-B841-EB226DD972A5}.Release|Any CPU.ActiveCfg = Release|Any CPU
		{8646BC60-DA77-47AB-B841-EB226DD972A5}.Release|Any CPU.Build.0 = Release|Any CPU
	EndGlobalSection
	GlobalSection(SolutionProperties) = preSolution
		HideSolutionNode = FALSE
	EndGlobalSection
	GlobalSection(ExtensibilityGlobals) = postSolution
		SolutionGuid = {84FADF64-B542-4B82-A39E-1FA1600D0066}
	EndGlobalSection
EndGlobal
